// !$*UTF8*$!
{
	archiveVersion = 1;
	classes = {
	};
	objectVersion = 48;
	objects = {

/* Begin PBXBuildFile section */
		6E2C7A1F2016072B004AE2BE /* AppDelegate.m in Sources */ = {isa = PBXBuildFile; fileRef = 6E2C7A1E2016072B004AE2BE /* AppDelegate.m */; };
		6E2C7A222016072B004AE2BE /* ViewController.m in Sources */ = {isa = PBXBuildFile; fileRef = 6E2C7A212016072B004AE2BE /* ViewController.m */; };
		6E2C7A252016072B004AE2BE /* Main.storyboard in Resources */ = {isa = PBXBuildFile; fileRef = 6E2C7A232016072B004AE2BE /* Main.storyboard */; };
		6E2C7A282016072B004AE2BE /* YangDemo.xcdatamodeld in Sources */ = {isa = PBXBuildFile; fileRef = 6E2C7A262016072B004AE2BE /* YangDemo.xcdatamodeld */; };
		6E2C7A2A2016072B004AE2BE /* Assets.xcassets in Resources */ = {isa = PBXBuildFile; fileRef = 6E2C7A292016072B004AE2BE /* Assets.xcassets */; };
		6E2C7A2D2016072B004AE2BE /* LaunchScreen.storyboard in Resources */ = {isa = PBXBuildFile; fileRef = 6E2C7A2B2016072B004AE2BE /* LaunchScreen.storyboard */; };
		6E2C7A302016072B004AE2BE /* main.m in Sources */ = {isa = PBXBuildFile; fileRef = 6E2C7A2F2016072B004AE2BE /* main.m */; };
		6E2C7A3A2016072B004AE2BE /* YangDemoTests.m in Sources */ = {isa = PBXBuildFile; fileRef = 6E2C7A392016072B004AE2BE /* YangDemoTests.m */; };
		6E2C7A452016072B004AE2BE /* YangDemoUITests.m in Sources */ = {isa = PBXBuildFile; fileRef = 6E2C7A442016072B004AE2BE /* YangDemoUITests.m */; };
/* End PBXBuildFile section */

/* Begin PBXContainerItemProxy section */
		6E2C7A362016072B004AE2BE /* PBXContainerItemProxy */ = {
			isa = PBXContainerItemProxy;
			containerPortal = 6E2C7A122016072B004AE2BE /* Project object */;
			proxyType = 1;
			remoteGlobalIDString = 6E2C7A192016072B004AE2BE;
			remoteInfo = YangDemo;
		};
		6E2C7A412016072B004AE2BE /* PBXContainerItemProxy */ = {
			isa = PBXContainerItemProxy;
			containerPortal = 6E2C7A122016072B004AE2BE /* Project object */;
			proxyType = 1;
			remoteGlobalIDString = 6E2C7A192016072B004AE2BE;
			remoteInfo = YangDemo;
		};
/* End PBXContainerItemProxy section */

/* Begin PBXFileReference section */
		6E2C7A1A2016072B004AE2BE /* YangDemo.app */ = {isa = PBXFileReference; explicitFileType = wrapper.application; includeInIndex = 0; path = YangDemo.app; sourceTree = BUILT_PRODUCTS_DIR; };
		6E2C7A1D2016072B004AE2BE /* AppDelegate.h */ = {isa = PBXFileReference; lastKnownFileType = sourcecode.c.h; path = AppDelegate.h; sourceTree = "<group>"; };
		6E2C7A1E2016072B004AE2BE /* AppDelegate.m */ = {isa = PBXFileReference; lastKnownFileType = sourcecode.c.objc; path = AppDelegate.m; sourceTree = "<group>"; };
		6E2C7A202016072B004AE2BE /* ViewController.h */ = {isa = PBXFileReference; lastKnownFileType = sourcecode.c.h; path = ViewController.h; sourceTree = "<group>"; };
		6E2C7A212016072B004AE2BE /* ViewController.m */ = {isa = PBXFileReference; lastKnownFileType = sourcecode.c.objc; path = ViewController.m; sourceTree = "<group>"; };
		6E2C7A242016072B004AE2BE /* Base */ = {isa = PBXFileReference; lastKnownFileType = file.storyboard; name = Base; path = Base.lproj/Main.storyboard; sourceTree = "<group>"; };
		6E2C7A272016072B004AE2BE /* YangDemo.xcdatamodel */ = {isa = PBXFileReference; lastKnownFileType = wrapper.xcdatamodel; path = YangDemo.xcdatamodel; sourceTree = "<group>"; };
		6E2C7A292016072B004AE2BE /* Assets.xcassets */ = {isa = PBXFileReference; lastKnownFileType = folder.assetcatalog; path = Assets.xcassets; sourceTree = "<group>"; };
		6E2C7A2C2016072B004AE2BE /* Base */ = {isa = PBXFileReference; lastKnownFileType = file.storyboard; name = Base; path = Base.lproj/LaunchScreen.storyboard; sourceTree = "<group>"; };
		6E2C7A2E2016072B004AE2BE /* Info.plist */ = {isa = PBXFileReference; lastKnownFileType = text.plist.xml; path = Info.plist; sourceTree = "<group>"; };
		6E2C7A2F2016072B004AE2BE /* main.m */ = {isa = PBXFileReference; lastKnownFileType = sourcecode.c.objc; path = main.m; sourceTree = "<group>"; };
		6E2C7A352016072B004AE2BE /* YangDemoTests.xctest */ = {isa = PBXFileReference; explicitFileType = wrapper.cfbundle; includeInIndex = 0; path = YangDemoTests.xctest; sourceTree = BUILT_PRODUCTS_DIR; };
		6E2C7A392016072B004AE2BE /* YangDemoTests.m */ = {isa = PBXFileReference; lastKnownFileType = sourcecode.c.objc; path = YangDemoTests.m; sourceTree = "<group>"; };
		6E2C7A3B2016072B004AE2BE /* Info.plist */ = {isa = PBXFileReference; lastKnownFileType = text.plist.xml; path = Info.plist; sourceTree = "<group>"; };
		6E2C7A402016072B004AE2BE /* YangDemoUITests.xctest */ = {isa = PBXFileReference; explicitFileType = wrapper.cfbundle; includeInIndex = 0; path = YangDemoUITests.xctest; sourceTree = BUILT_PRODUCTS_DIR; };
		6E2C7A442016072B004AE2BE /* YangDemoUITests.m */ = {isa = PBXFileReference; lastKnownFileType = sourcecode.c.objc; path = YangDemoUITests.m; sourceTree = "<group>"; };
		6E2C7A462016072B004AE2BE /* Info.plist */ = {isa = PBXFileReference; lastKnownFileType = text.plist.xml; path = Info.plist; sourceTree = "<group>"; };
/* End PBXFileReference section */

/* Begin PBXFrameworksBuildPhase section */
		6E2C7A172016072B004AE2BE /* Frameworks */ = {
			isa = PBXFrameworksBuildPhase;
			buildActionMask = 2147483647;
			files = (
			);
			runOnlyForDeploymentPostprocessing = 0;
		};
		6E2C7A322016072B004AE2BE /* Frameworks */ = {
			isa = PBXFrameworksBuildPhase;
			buildActionMask = 2147483647;
			files = (
			);
			runOnlyForDeploymentPostprocessing = 0;
		};
		6E2C7A3D2016072B004AE2BE /* Frameworks */ = {
			isa = PBXFrameworksBuildPhase;
			buildActionMask = 2147483647;
			files = (
			);
			runOnlyForDeploymentPostprocessing = 0;
		};
/* End PBXFrameworksBuildPhase section */

/* Begin PBXGroup section */
		6E2C7A112016072B004AE2BE = {
			isa = PBXGroup;
			children = (
				6E2C7A1C2016072B004AE2BE /* YangDemo */,
				6E2C7A382016072B004AE2BE /* YangDemoTests */,
				6E2C7A432016072B004AE2BE /* YangDemoUITests */,
				6E2C7A1B2016072B004AE2BE /* Products */,
			);
			sourceTree = "<group>";
		};
		6E2C7A1B2016072B004AE2BE /* Products */ = {
			isa = PBXGroup;
			children = (
				6E2C7A1A2016072B004AE2BE /* YangDemo.app */,
				6E2C7A352016072B004AE2BE /* YangDemoTests.xctest */,
				6E2C7A402016072B004AE2BE /* YangDemoUITests.xctest */,
			);
			name = Products;
			sourceTree = "<group>";
		};
		6E2C7A1C2016072B004AE2BE /* YangDemo */ = {
			isa = PBXGroup;
			children = (
				6E2C7A1D2016072B004AE2BE /* AppDelegate.h */,
				6E2C7A1E2016072B004AE2BE /* AppDelegate.m */,
				6E2C7A202016072B004AE2BE /* ViewController.h */,
				6E2C7A212016072B004AE2BE /* ViewController.m */,
				6E2C7A232016072B004AE2BE /* Main.storyboard */,
				6E2C7A292016072B004AE2BE /* Assets.xcassets */,
				6E2C7A2B2016072B004AE2BE /* LaunchScreen.storyboard */,
				6E2C7A2E2016072B004AE2BE /* Info.plist */,
				6E2C7A2F2016072B004AE2BE /* main.m */,
				6E2C7A262016072B004AE2BE /* YangDemo.xcdatamodeld */,
			);
			path = YangDemo;
			sourceTree = "<group>";
		};
		6E2C7A382016072B004AE2BE /* YangDemoTests */ = {
			isa = PBXGroup;
			children = (
				6E2C7A392016072B004AE2BE /* YangDemoTests.m */,
				6E2C7A3B2016072B004AE2BE /* Info.plist */,
			);
			path = YangDemoTests;
			sourceTree = "<group>";
		};
		6E2C7A432016072B004AE2BE /* YangDemoUITests */ = {
			isa = PBXGroup;
			children = (
				6E2C7A442016072B004AE2BE /* YangDemoUITests.m */,
				6E2C7A462016072B004AE2BE /* Info.plist */,
			);
			path = YangDemoUITests;
			sourceTree = "<group>";
		};
/* End PBXGroup section */

/* Begin PBXNativeTarget section */
		6E2C7A192016072B004AE2BE /* YangDemo */ = {
			isa = PBXNativeTarget;
			buildConfigurationList = 6E2C7A492016072B004AE2BE /* Build configuration list for PBXNativeTarget "YangDemo" */;
			buildPhases = (
				6E2C7A162016072B004AE2BE /* Sources */,
				6E2C7A172016072B004AE2BE /* Frameworks */,
				6E2C7A182016072B004AE2BE /* Resources */,
			);
			buildRules = (
			);
			dependencies = (
			);
			name = YangDemo;
			productName = YangDemo;
			productReference = 6E2C7A1A2016072B004AE2BE /* YangDemo.app */;
			productType = "com.apple.product-type.application";
		};
		6E2C7A342016072B004AE2BE /* YangDemoTests */ = {
			isa = PBXNativeTarget;
			buildConfigurationList = 6E2C7A4C2016072B004AE2BE /* Build configuration list for PBXNativeTarget "YangDemoTests" */;
			buildPhases = (
				6E2C7A312016072B004AE2BE /* Sources */,
				6E2C7A322016072B004AE2BE /* Frameworks */,
				6E2C7A332016072B004AE2BE /* Resources */,
			);
			buildRules = (
			);
			dependencies = (
				6E2C7A372016072B004AE2BE /* PBXTargetDependency */,
			);
			name = YangDemoTests;
			productName = YangDemoTests;
			productReference = 6E2C7A352016072B004AE2BE /* YangDemoTests.xctest */;
			productType = "com.apple.product-type.bundle.unit-test";
		};
		6E2C7A3F2016072B004AE2BE /* YangDemoUITests */ = {
			isa = PBXNativeTarget;
			buildConfigurationList = 6E2C7A4F2016072B004AE2BE /* Build configuration list for PBXNativeTarget "YangDemoUITests" */;
			buildPhases = (
				6E2C7A3C2016072B004AE2BE /* Sources */,
				6E2C7A3D2016072B004AE2BE /* Frameworks */,
				6E2C7A3E2016072B004AE2BE /* Resources */,
			);
			buildRules = (
			);
			dependencies = (
				6E2C7A422016072B004AE2BE /* PBXTargetDependency */,
			);
			name = YangDemoUITests;
			productName = YangDemoUITests;
			productReference = 6E2C7A402016072B004AE2BE /* YangDemoUITests.xctest */;
			productType = "com.apple.product-type.bundle.ui-testing";
		};
/* End PBXNativeTarget section */

/* Begin PBXProject section */
		6E2C7A122016072B004AE2BE /* Project object */ = {
			isa = PBXProject;
			attributes = {
				LastUpgradeCheck = 0920;
				ORGANIZATIONNAME = secoo;
				TargetAttributes = {
					6E2C7A192016072B004AE2BE = {
						CreatedOnToolsVersion = 9.2;
						ProvisioningStyle = Automatic;
					};
					6E2C7A342016072B004AE2BE = {
						CreatedOnToolsVersion = 9.2;
						ProvisioningStyle = Automatic;
						TestTargetID = 6E2C7A192016072B004AE2BE;
					};
					6E2C7A3F2016072B004AE2BE = {
						CreatedOnToolsVersion = 9.2;
						ProvisioningStyle = Automatic;
						TestTargetID = 6E2C7A192016072B004AE2BE;
					};
				};
			};
			buildConfigurationList = 6E2C7A152016072B004AE2BE /* Build configuration list for PBXProject "YangDemo" */;
			compatibilityVersion = "Xcode 8.0";
			developmentRegion = en;
			hasScannedForEncodings = 0;
			knownRegions = (
				en,
				Base,
			);
			mainGroup = 6E2C7A112016072B004AE2BE;
			productRefGroup = 6E2C7A1B2016072B004AE2BE /* Products */;
			projectDirPath = "";
			projectRoot = "";
			targets = (
				6E2C7A192016072B004AE2BE /* YangDemo */,
				6E2C7A342016072B004AE2BE /* YangDemoTests */,
				6E2C7A3F2016072B004AE2BE /* YangDemoUITests */,
			);
		};
/* End PBXProject section */

/* Begin PBXResourcesBuildPhase section */
		6E2C7A182016072B004AE2BE /* Resources */ = {
			isa = PBXResourcesBuildPhase;
			buildActionMask = 2147483647;
			files = (
				6E2C7A2D2016072B004AE2BE /* LaunchScreen.storyboard in Resources */,
				6E2C7A2A2016072B004AE2BE /* Assets.xcassets in Resources */,
				6E2C7A252016072B004AE2BE /* Main.storyboard in Resources */,
			);
			runOnlyForDeploymentPostprocessing = 0;
		};
		6E2C7A332016072B004AE2BE /* Resources */ = {
			isa = PBXResourcesBuildPhase;
			buildActionMask = 2147483647;
			files = (
			);
			runOnlyForDeploymentPostprocessing = 0;
		};
		6E2C7A3E2016072B004AE2BE /* Resources */ = {
			isa = PBXResourcesBuildPhase;
			buildActionMask = 2147483647;
			files = (
			);
			runOnlyForDeploymentPostprocessing = 0;
		};
/* End PBXResourcesBuildPhase section */

/* Begin PBXSourcesBuildPhase section */
		6E2C7A162016072B004AE2BE /* Sources */ = {
			isa = PBXSourcesBuildPhase;
			buildActionMask = 2147483647;
			files = (
				6E2C7A222016072B004AE2BE /* ViewController.m in Sources */,
				6E2C7A1F2016072B004AE2BE /* AppDelegate.m in Sources */,
				6E2C7A302016072B004AE2BE /* main.m in Sources */,
				6E2C7A282016072B004AE2BE /* YangDemo.xcdatamodeld in Sources */,
			);
			runOnlyForDeploymentPostprocessing = 0;
		};
		6E2C7A312016072B004AE2BE /* Sources */ = {
			isa = PBXSourcesBuildPhase;
			buildActionMask = 2147483647;
			files = (
				6E2C7A3A2016072B004AE2BE /* YangDemoTests.m in Sources */,
			);
			runOnlyForDeploymentPostprocessing = 0;
		};
		6E2C7A3C2016072B004AE2BE /* Sources */ = {
			isa = PBXSourcesBuildPhase;
			buildActionMask = 2147483647;
			files = (
				6E2C7A452016072B004AE2BE /* YangDemoUITests.m in Sources */,
			);
			runOnlyForDeploymentPostprocessing = 0;
		};
/* End PBXSourcesBuildPhase section */

/* Begin PBXTargetDependency section */
		6E2C7A372016072B004AE2BE /* PBXTargetDependency */ = {
			isa = PBXTargetDependency;
			target = 6E2C7A192016072B004AE2BE /* YangDemo */;
			targetProxy = 6E2C7A362016072B004AE2BE /* PBXContainerItemProxy */;
		};
		6E2C7A422016072B004AE2BE /* PBXTargetDependency */ = {
			isa = PBXTargetDependency;
			target = 6E2C7A192016072B004AE2BE /* YangDemo */;
			targetProxy = 6E2C7A412016072B004AE2BE /* PBXContainerItemProxy */;
		};
/* End PBXTargetDependency section */

/* Begin PBXVariantGroup section */
		6E2C7A232016072B004AE2BE /* Main.storyboard */ = {
			isa = PBXVariantGroup;
			children = (
				6E2C7A242016072B004AE2BE /* Base */,
			);
			name = Main.storyboard;
			sourceTree = "<group>";
		};
		6E2C7A2B2016072B004AE2BE /* LaunchScreen.storyboard */ = {
			isa = PBXVariantGroup;
			children = (
				6E2C7A2C2016072B004AE2BE /* Base */,
			);
			name = LaunchScreen.storyboard;
			sourceTree = "<group>";
		};
/* End PBXVariantGroup section */

/* Begin XCBuildConfiguration section */
		6E2C7A472016072B004AE2BE /* Debug */ = {
			isa = XCBuildConfiguration;
			buildSettings = {
				ALWAYS_SEARCH_USER_PATHS = NO;
				CLANG_ANALYZER_NONNULL = YES;
				CLANG_ANALYZER_NUMBER_OBJECT_CONVERSION = YES_AGGRESSIVE;
				CLANG_CXX_LANGUAGE_STANDARD = "gnu++14";
				CLANG_CXX_LIBRARY = "libc++";
				CLANG_ENABLE_MODULES = YES;
				CLANG_ENABLE_OBJC_ARC = YES;
				CLANG_WARN_BLOCK_CAPTURE_AUTORELEASING = YES;
				CLANG_WARN_BOOL_CONVERSION = YES;
				CLANG_WARN_COMMA = YES;
				CLANG_WARN_CONSTANT_CONVERSION = YES;
				CLANG_WARN_DIRECT_OBJC_ISA_USAGE = YES_ERROR;
				CLANG_WARN_DOCUMENTATION_COMMENTS = YES;
				CLANG_WARN_EMPTY_BODY = YES;
				CLANG_WARN_ENUM_CONVERSION = YES;
				CLANG_WARN_INFINITE_RECURSION = YES;
				CLANG_WARN_INT_CONVERSION = YES;
				CLANG_WARN_NON_LITERAL_NULL_CONVERSION = YES;
				CLANG_WARN_OBJC_LITERAL_CONVERSION = YES;
				CLANG_WARN_OBJC_ROOT_CLASS = YES_ERROR;
				CLANG_WARN_RANGE_LOOP_ANALYSIS = YES;
				CLANG_WARN_STRICT_PROTOTYPES = YES;
				CLANG_WARN_SUSPICIOUS_MOVE = YES;
				CLANG_WARN_UNGUARDED_AVAILABILITY = YES_AGGRESSIVE;
				CLANG_WARN_UNREACHABLE_CODE = YES;
				CLANG_WARN__DUPLICATE_METHOD_MATCH = YES;
				CODE_SIGN_IDENTITY = "iPhone Developer";
				COPY_PHASE_STRIP = NO;
				DEBUG_INFORMATION_FORMAT = dwarf;
				ENABLE_STRICT_OBJC_MSGSEND = YES;
				ENABLE_TESTABILITY = YES;
				GCC_C_LANGUAGE_STANDARD = gnu11;
				GCC_DYNAMIC_NO_PIC = NO;
				GCC_NO_COMMON_BLOCKS = YES;
				GCC_OPTIMIZATION_LEVEL = 0;
				GCC_PREPROCESSOR_DEFINITIONS = (
					"DEBUG=1",
					"$(inherited)",
				);
				GCC_WARN_64_TO_32_BIT_CONVERSION = YES;
				GCC_WARN_ABOUT_RETURN_TYPE = YES_ERROR;
				GCC_WARN_UNDECLARED_SELECTOR = YES;
				GCC_WARN_UNINITIALIZED_AUTOS = YES_AGGRESSIVE;
				GCC_WARN_UNUSED_FUNCTION = YES;
				GCC_WARN_UNUSED_VARIABLE = YES;
				IPHONEOS_DEPLOYMENT_TARGET = 11.2;
				MTL_ENABLE_DEBUG_INFO = YES;
				ONLY_ACTIVE_ARCH = YES;
				SDKROOT = iphoneos;
			};
			name = Debug;
		};
		6E2C7A482016072B004AE2BE /* Release */ = {
			isa = XCBuildConfiguration;
			buildSettings = {
				ALWAYS_SEARCH_USER_PATHS = NO;
				CLANG_ANALYZER_NONNULL = YES;
				CLANG_ANALYZER_NUMBER_OBJECT_CONVERSION = YES_AGGRESSIVE;
				CLANG_CXX_LANGUAGE_STANDARD = "gnu++14";
				CLANG_CXX_LIBRARY = "libc++";
				CLANG_ENABLE_MODULES = YES;
				CLANG_ENABLE_OBJC_ARC = YES;
				CLANG_WARN_BLOCK_CAPTURE_AUTORELEASING = YES;
				CLANG_WARN_BOOL_CONVERSION = YES;
				CLANG_WARN_COMMA = YES;
				CLANG_WARN_CONSTANT_CONVERSION = YES;
				CLANG_WARN_DIRECT_OBJC_ISA_USAGE = YES_ERROR;
				CLANG_WARN_DOCUMENTATION_COMMENTS = YES;
				CLANG_WARN_EMPTY_BODY = YES;
				CLANG_WARN_ENUM_CONVERSION = YES;
				CLANG_WARN_INFINITE_RECURSION = YES;
				CLANG_WARN_INT_CONVERSION = YES;
				CLANG_WARN_NON_LITERAL_NULL_CONVERSION = YES;
				CLANG_WARN_OBJC_LITERAL_CONVERSION = YES;
				CLANG_WARN_OBJC_ROOT_CLASS = YES_ERROR;
				CLANG_WARN_RANGE_LOOP_ANALYSIS = YES;
				CLANG_WARN_STRICT_PROTOTYPES = YES;
				CLANG_WARN_SUSPICIOUS_MOVE = YES;
				CLANG_WARN_UNGUARDED_AVAILABILITY = YES_AGGRESSIVE;
				CLANG_WARN_UNREACHABLE_CODE = YES;
				CLANG_WARN__DUPLICATE_METHOD_MATCH = YES;
				CODE_SIGN_IDENTITY = "iPhone Developer";
				COPY_PHASE_STRIP = NO;
				DEBUG_INFORMATION_FORMAT = "dwarf-with-dsym";
				ENABLE_NS_ASSERTIONS = NO;
				ENABLE_STRICT_OBJC_MSGSEND = YES;
				GCC_C_LANGUAGE_STANDARD = gnu11;
				GCC_NO_COMMON_BLOCKS = YES;
				GCC_WARN_64_TO_32_BIT_CONVERSION = YES;
				GCC_WARN_ABOUT_RETURN_TYPE = YES_ERROR;
				GCC_WARN_UNDECLARED_SELECTOR = YES;
				GCC_WARN_UNINITIALIZED_AUTOS = YES_AGGRESSIVE;
				GCC_WARN_UNUSED_FUNCTION = YES;
				GCC_WARN_UNUSED_VARIABLE = YES;
				IPHONEOS_DEPLOYMENT_TARGET = 11.2;
				MTL_ENABLE_DEBUG_INFO = NO;
				SDKROOT = iphoneos;
				VALIDATE_PRODUCT = YES;
			};
			name = Release;
		};
		6E2C7A4A2016072B004AE2BE /* Debug */ = {
			isa = XCBuildConfiguration;
			buildSettings = {
				ASSETCATALOG_COMPILER_APPICON_NAME = AppIcon;
				CODE_SIGN_STYLE = Automatic;
				INFOPLIST_FILE = YangDemo/Info.plist;
				LD_RUNPATH_SEARCH_PATHS = "$(inherited) @executable_path/Frameworks";
				PRODUCT_BUNDLE_IDENTIFIER = secoo.com.YangDemo;
				PRODUCT_NAME = "$(TARGET_NAME)";
				TARGETED_DEVICE_FAMILY = "1,2";
			};
			name = Debug;
		};
		6E2C7A4B2016072B004AE2BE /* Release */ = {
			isa = XCBuildConfiguration;
			buildSettings = {
				ASSETCATALOG_COMPILER_APPICON_NAME = AppIcon;
				CODE_SIGN_STYLE = Automatic;
				INFOPLIST_FILE = YangDemo/Info.plist;
				LD_RUNPATH_SEARCH_PATHS = "$(inherited) @executable_path/Frameworks";
				PRODUCT_BUNDLE_IDENTIFIER = secoo.com.YangDemo;
				PRODUCT_NAME = "$(TARGET_NAME)";
				TARGETED_DEVICE_FAMILY = "1,2";
			};
			name = Release;
		};
		6E2C7A4D2016072B004AE2BE /* Debug */ = {
			isa = XCBuildConfiguration;
			buildSettings = {
				BUNDLE_LOADER = "$(TEST_HOST)";
				CODE_SIGN_STYLE = Automatic;
				INFOPLIST_FILE = YangDemoTests/Info.plist;
				LD_RUNPATH_SEARCH_PATHS = "$(inherited) @executable_path/Frameworks @loader_path/Frameworks";
				PRODUCT_BUNDLE_IDENTIFIER = secoo.com.YangDemoTests;
				PRODUCT_NAME = "$(TARGET_NAME)";
				TARGETED_DEVICE_FAMILY = "1,2";
				TEST_HOST = "$(BUILT_PRODUCTS_DIR)/YangDemo.app/YangDemo";
			};
			name = Debug;
		};
		6E2C7A4E2016072B004AE2BE /* Release */ = {
			isa = XCBuildConfiguration;
			buildSettings = {
				BUNDLE_LOADER = "$(TEST_HOST)";
				CODE_SIGN_STYLE = Automatic;
				INFOPLIST_FILE = YangDemoTests/Info.plist;
				LD_RUNPATH_SEARCH_PATHS = "$(inherited) @executable_path/Frameworks @loader_path/Frameworks";
				PRODUCT_BUNDLE_IDENTIFIER = secoo.com.YangDemoTests;
				PRODUCT_NAME = "$(TARGET_NAME)";
				TARGETED_DEVICE_FAMILY = "1,2";
				TEST_HOST = "$(BUILT_PRODUCTS_DIR)/YangDemo.app/YangDemo";
			};
			name = Release;
		};
		6E2C7A502016072B004AE2BE /* Debug */ = {
			isa = XCBuildConfiguration;
			buildSettings = {
				CODE_SIGN_STYLE = Automatic;
				INFOPLIST_FILE = YangDemoUITests/Info.plist;
				LD_RUNPATH_SEARCH_PATHS = "$(inherited) @executable_path/Frameworks @loader_path/Frameworks";
				PRODUCT_BUNDLE_IDENTIFIER = secoo.com.YangDemoUITests;
				PRODUCT_NAME = "$(TARGET_NAME)";
				TARGETED_DEVICE_FAMILY = "1,2";
				TEST_TARGET_NAME = YangDemo;
			};
			name = Debug;
		};
		6E2C7A512016072B004AE2BE /* Release */ = {
			isa = XCBuildConfiguration;
			buildSettings = {
				CODE_SIGN_STYLE = Automatic;
				INFOPLIST_FILE = YangDemoUITests/Info.plist;
				LD_RUNPATH_SEARCH_PATHS = "$(inherited) @executable_path/Frameworks @loader_path/Frameworks";
				PRODUCT_BUNDLE_IDENTIFIER = secoo.com.YangDemoUITests;
				PRODUCT_NAME = "$(TARGET_NAME)";
				TARGETED_DEVICE_FAMILY = "1,2";
				TEST_TARGET_NAME = YangDemo;
			};
			name = Release;
		};
/* End XCBuildConfiguration section */

/* Begin XCConfigurationList section */
		6E2C7A152016072B004AE2BE /* Build configuration list for PBXProject "YangDemo" */ = {
			isa = XCConfigurationList;
			buildConfigurations = (
				6E2C7A472016072B004AE2BE /* Debug */,
				6E2C7A482016072B004AE2BE /* Release */,
			);
			defaultConfigurationIsVisible = 0;
			defaultConfigurationName = Release;
		};
		6E2C7A492016072B004AE2BE /* Build configuration list for PBXNativeTarget "YangDemo" */ = {
			isa = XCConfigurationList;
			buildConfigurations = (
				6E2C7A4A2016072B004AE2BE /* Debug */,
				6E2C7A4B2016072B004AE2BE /* Release */,
			);
			defaultConfigurationIsVisible = 0;
			defaultConfigurationName = Release;
		};
		6E2C7A4C2016072B004AE2BE /* Build configuration list for PBXNativeTarget "YangDemoTests" */ = {
			isa = XCConfigurationList;
			buildConfigurations = (
				6E2C7A4D2016072B004AE2BE /* Debug */,
				6E2C7A4E2016072B004AE2BE /* Release */,
			);
			defaultConfigurationIsVisible = 0;
			defaultConfigurationName = Release;
		};
		6E2C7A4F2016072B004AE2BE /* Build configuration list for PBXNativeTarget "YangDemoUITests" */ = {
			isa = XCConfigurationList;
			buildConfigurations = (
				6E2C7A502016072B004AE2BE /* Debug */,
				6E2C7A512016072B004AE2BE /* Release */,
			);
			defaultConfigurationIsVisible = 0;
			defaultConfigurationName = Release;
		};
/* End XCConfigurationList section */

/* Begin XCVersionGroup section */
		6E2C7A262016072B004AE2BE /* YangDemo.xcdatamodeld */ = {
			isa = XCVersionGroup;
			children = (
				6E2C7A272016072B004AE2BE /* YangDemo.xcdatamodel */,
			);
			currentVersion = 6E2C7A272016072B004AE2BE /* YangDemo.xcdatamodel */;
			path = YangDemo.xcdatamodeld;
			sourceTree = "<group>";
			versionGroupType = wrapper.xcdatamodel;
		};
/* End XCVersionGroup section */
	};
	rootObject = 6E2C7A122016072B004AE2BE /* Project object */;
}
